<?xml version="1.0" encoding="utf-8"?>
<Project ToolsVersion="4.0" xmlns="http://schemas.microsoft.com/developer/msbuild/2003">
  <ItemGroup>
    <Filter Include="Source Files">
      <UniqueIdentifier>{4FC737F1-C7A5-4376-A066-2A32D752A2FF}</UniqueIdentifier>
      <Extensions>cpp;c;cc;cxx;c++;cppm;ixx;def;odl;idl;hpj;bat;asm;asmx</Extensions>
    </Filter>
    <Filter Include="Header Files">
      <UniqueIdentifier>{93995380-89BD-4b04-88EB-625FBE52EBFB}</UniqueIdentifier>
      <Extensions>h;hh;hpp;hxx;h++;hm;inl;inc;ipp;xsd</Extensions>
    </Filter>
    <Filter Include="Resource Files">
      <UniqueIdentifier>{67DA6AB6-F800-4c08-8B7A-83BB121AAD01}</UniqueIdentifier>
      <Extensions>rc;ico;cur;bmp;dlg;rc2;rct;bin;rgs;gif;jpg;jpeg;jpe;resx;tiff;tif;png;wav;mfcribbon-ms</Extensions>
    </Filter>
    <Filter Include="Source Files\Problems">
      <UniqueIdentifier>{a2ee1ad1-bacf-4de2-a4b8-865378b3e98a}</UniqueIdentifier>
    </Filter>
  </ItemGroup>
  <ItemGroup>
    <ClCompile Include="Main.cpp">
      <Filter>Source Files</Filter>
    </ClCompile>
    <ClCompile Include="CoinSums.cpp">
      <Filter>Source Files\Problems</Filter>
    </ClCompile>
    <ClCompile Include="PrimeDigitsReplacements.cpp">
      <Filter>Source Files\Problems</Filter>
    </ClCompile>
    <ClCompile Include="SelfPowers.cpp">
      <Filter>Source Files\Problems</Filter>
    </ClCompile>
    <ClCompile Include="001.cpp">
      <Filter>Source Files\Problems</Filter>
    </ClCompile>
    <ClCompile Include="002.cpp">
      <Filter>Source Files\Problems</Filter>
    </ClCompile>
    <ClCompile Include="009.cpp">
      <Filter>Source Files\Problems</Filter>
    </ClCompile>
    <ClCompile Include="015.cpp">
      <Filter>Source Files\Problems</Filter>
    </ClCompile>
    <ClCompile Include="016.cpp">
      <Filter>Source Files\Problems</Filter>
    </ClCompile>
    <ClCompile Include="059.cpp">
      <Filter>Source Files\Problems</Filter>
    </ClCompile>
    <ClCompile Include="069.cpp">
      <Filter>Source Files\Problems</Filter>
    </ClCompile>
  </ItemGroup>
  <ItemGroup>
    <ClInclude Include="CoinSums.h">
      <Filter>Source Files\Problems</Filter>
    </ClInclude>
    <ClInclude Include="PrimeDigitsReplacements.h">
      <Filter>Source Files\Problems</Filter>
    </ClInclude>
    <ClInclude Include="SelfPowers.h">
      <Filter>Source Files\Problems</Filter>
    </ClInclude>
    <ClInclude Include="001.h">
      <Filter>Source Files\Problems</Filter>
    </ClInclude>
    <ClInclude Include="002.h">
      <Filter>Source Files\Problems</Filter>
    </ClInclude>
    <ClInclude Include="009.h">
      <Filter>Source Files\Problems</Filter>
    </ClInclude>
    <ClInclude Include="015.h">
      <Filter>Source Files\Problems</Filter>
    </ClInclude>
    <ClInclude Include="016.h">
      <Filter>Source Files\Problems</Filter>
    </ClInclude>
    <ClInclude Include="059.h">
      <Filter>Source Files\Problems</Filter>
    </ClInclude>
    <ClInclude Include="069.h">
      <Filter>Source Files\Problems</Filter>
    </ClInclude>
  </ItemGroup>
</Project>